
Microsoft Visual Studio Solution File, Format Version 12.00
# Visual Studio Version 16
VisualStudioVersion = 16.0.30330.147
MinimumVisualStudioVersion = 10.0.40219.1
Project("{9A19103F-16F7-4668-BE54-9A1E7A4F7556}") = "TopicRecieverApp", "TopicRecieverApp\TopicRecieverApp.csproj", "{C029B6E3-6F29-4538-9F23-5571533C7F7B}"
EndProject
Project("{9A19103F-16F7-4668-BE54-9A1E7A4F7556}") = "TopicSenderApp", "..\TopicSenderApp\TopicSenderApp\TopicSenderApp.csproj", "{8E20EC15-AE50-4807-822C-3183D9F057D2}"
EndProject
Global
	GlobalSection(SolutionConfigurationPlatforms) = preSolution
		Debug|Any CPU = Debug|Any CPU
		Release|Any CPU = Release|Any CPU
	EndGlobalSection
	GlobalSection(ProjectConfigurationPlatforms) = postSolution
		{C029B6E3-6F29-4538-9F23-5571533C7F7B}.Debug|Any CPU.ActiveCfg = Debug|Any CPU
		{C029B6E3-6F29-4538-9F23-5571533C7F7B}.Debug|Any CPU.Build.0 = Debug|Any CPU
		{C029B6E3-6F29-4538-9F23-5571533C7F7B}.Release|Any CPU.ActiveCfg = Release|Any CPU
		{C029B6E3-6F29-4538-9F23-5571533C7F7B}.Release|Any CPU.Build.0 = Release|Any CPU
		{8E20EC15-AE50-4807-822C-3183D9F057D2}.Debug|Any CPU.ActiveCfg = Debug|Any CPU
		{8E20EC15-AE50-4807-822C-3183D9F057D2}.Debug|Any CPU.Build.0 = Debug|Any CPU
		{8E20EC15-AE50-4807-822C-3183D9F057D2}.Release|Any CPU.ActiveCfg = Release|Any CPU
		{8E20EC15-AE50-4807-822C-3183D9F057D2}.Release|Any CPU.Build.0 = Release|Any CPU
	EndGlobalSection
	GlobalSection(SolutionProperties) = preSolution
		HideSolutionNode = FALSE
	EndGlobalSection
	GlobalSection(ExtensibilityGlobals) = postSolution
		SolutionGuid = {1A048FF3-80C9-4C84-84F1-41104B2D97BD}
	EndGlobalSection
EndGlobal
